
Microsoft Visual Studio Solution File, Format Version 12.00
# Visual Studio Version 16
VisualStudioVersion = 16.0.29709.97
MinimumVisualStudioVersion = 10.0.40219.1
Project("{9A19103F-16F7-4668-BE54-9A1E7A4F7556}") = "pvk2pfxcore", "src\pvk2pfxcore\pvk2pfxcore.csproj", "{180C502D-9B9E-4C00-9868-FBF192D730DD}"
EndProject
Global
	GlobalSection(SolutionConfigurationPlatforms) = preSolution
		Debug|Any CPU = Debug|Any CPU
		Release|Any CPU = Release|Any CPU
	EndGlobalSection
	GlobalSection(ProjectConfigurationPlatforms) = postSolution
		{180C502D-9B9E-4C00-9868-FBF192D730DD}.Debug|Any CPU.ActiveCfg = Debug|Any CPU
		{180C502D-9B9E-4C00-9868-FBF192D730DD}.Debug|Any CPU.Build.0 = Debug|Any CPU
		{180C502D-9B9E-4C00-9868-FBF192D730DD}.Release|Any CPU.ActiveCfg = Release|Any CPU
		{180C502D-9B9E-4C00-9868-FBF192D730DD}.Release|Any CPU.Build.0 = Release|Any CPU
	EndGlobalSection
	GlobalSection(SolutionProperties) = preSolution
		HideSolutionNode = FALSE
	EndGlobalSection
	GlobalSection(ExtensibilityGlobals) = postSolution
		SolutionGuid = {5A290361-B192-4483-B513-AB0E8D9976E9}
	EndGlobalSection
EndGlobal
